
Microsoft Visual Studio Solution File, Format Version 12.00
# Visual Studio 15
VisualStudioVersion = 15.0.28307.1433
MinimumVisualStudioVersion = 10.0.40219.1
Project("{FAE04EC0-301F-11D3-BF4B-00C04F79EFBC}") = "MasterBarang018", "MasterBarang018\MasterBarang018.csproj", "{B5B538C2-140D-409F-8B11-CFA477E9CD53}"
EndProject
Global
	GlobalSection(SolutionConfigurationPlatforms) = preSolution
		Debug|Any CPU = Debug|Any CPU
		Release|Any CPU = Release|Any CPU
	EndGlobalSection
	GlobalSection(ProjectConfigurationPlatforms) = postSolution
		{B5B538C2-140D-409F-8B11-CFA477E9CD53}.Debug|Any CPU.ActiveCfg = Debug|Any CPU
		{B5B538C2-140D-409F-8B11-CFA477E9CD53}.Debug|Any CPU.Build.0 = Debug|Any CPU
		{B5B538C2-140D-409F-8B11-CFA477E9CD53}.Release|Any CPU.ActiveCfg = Release|Any CPU
		{B5B538C2-140D-409F-8B11-CFA477E9CD53}.Release|Any CPU.Build.0 = Release|Any CPU
	EndGlobalSection
	GlobalSection(SolutionProperties) = preSolution
		HideSolutionNode = FALSE
	EndGlobalSection
	GlobalSection(ExtensibilityGlobals) = postSolution
		SolutionGuid = {38BFBA17-6868-48D0-BD98-515EB0A3511E}
	EndGlobalSection
EndGlobal
